# This file is automatically @generated by Cargo.
# It is not intended for manual editing.
version = 4

[[package]]
name = "anyhow"
version = "1.0.98"
source = "registry+https://github.com/rust-lang/crates.io-index"
checksum = "e16d2d3311acee920a9eb8d33b8cbc1787ce4a264e85f964c2404b969bdcd487"

[[package]]
name = "cc"
version = "1.2.31"
source = "registry+https://github.com/rust-lang/crates.io-index"
checksum = "c3a42d84bb6b69d3a8b3eaacf0d88f179e1929695e1ad012b6cf64d9caaa5fd2"
dependencies = [
 "shlex",
]

[[package]]
name = "lazy_static"
version = "1.5.0"
source = "registry+https://github.com/rust-lang/crates.io-index"
checksum = "bbd2bcb4c963f2ddae06a2efc7e9f3591312473c50c6685e1f298068316e66fe"

[[package]]
name = "libc"
version = "0.2.174"
source = "registry+https://github.com/rust-lang/crates.io-index"
checksum = "1171693293099992e19cddea4e8b849964e9846f4acee11b3948bcc337be8776"

[[package]]
name = "libffi"
version = "4.1.2"
source = "registry+https://github.com/rust-lang/crates.io-index"
checksum = "b0feebbe0ccd382a2790f78d380540500d7b78ed7a3498b68fcfbc1593749a94"
dependencies = [
 "libc",
 "libffi-sys",
]

[[package]]
name = "libffi-sys"
version = "3.3.2"
source = "registry+https://github.com/rust-lang/crates.io-index"
checksum = "7b0d828d367b4450ed08e7d510dc46636cd660055f50d67ac943bfe788767c29"
dependencies = [
 "cc",
]

[[package]]
name = "shlex"
version = "1.3.0"
source = "registry+https://github.com/rust-lang/crates.io-index"
checksum = "0fda2ff0d084019ba4d7c6f371c95d8fd75ce3524c3cb8fb653a3023f6323e64"

[[package]]
name = "tlang"
version = "0.1.0"
dependencies = [
 "anyhow",
 "lazy_static",
 "libc",
 "libffi",
]

[[package]]
name = "tlangc"
version = "0.1.0"
dependencies = [
 "anyhow",
 "tlang",
]
